
Microsoft Visual Studio Solution File, Format Version 12.00
# Visual Studio Version 17
VisualStudioVersion = 17.7.34031.279
MinimumVisualStudioVersion = 10.0.40219.1
Project("{FAE04EC0-301F-11D3-BF4B-00C04F79EFBC}") = "WeirdosShop", "WeirdosShop\WeirdosShop.csproj", "{713DD252-4364-4D63-BE44-4D4CF7B06BDD}"
EndProject
Global
	GlobalSection(SolutionConfigurationPlatforms) = preSolution
		Debug|Any CPU = Debug|Any CPU
		Release|Any CPU = Release|Any CPU
	EndGlobalSection
	GlobalSection(ProjectConfigurationPlatforms) = postSolution
		{713DD252-4364-4D63-BE44-4D4CF7B06BDD}.Debug|Any CPU.ActiveCfg = Debug|Any CPU
		{713DD252-4364-4D63-BE44-4D4CF7B06BDD}.Debug|Any CPU.Build.0 = Debug|Any CPU
		{713DD252-4364-4D63-BE44-4D4CF7B06BDD}.Release|Any CPU.ActiveCfg = Release|Any CPU
		{713DD252-4364-4D63-BE44-4D4CF7B06BDD}.Release|Any CPU.Build.0 = Release|Any CPU
	EndGlobalSection
	GlobalSection(SolutionProperties) = preSolution
		HideSolutionNode = FALSE
	EndGlobalSection
	GlobalSection(ExtensibilityGlobals) = postSolution
		SolutionGuid = {E3372C98-53AD-4E18-B29E-90796FEBA86C}
	EndGlobalSection
EndGlobal
